// !$*UTF8*$!
{
	archiveVersion = 1;
	classes = {
	};
	objectVersion = 46;
	objects = {

/* Begin PBXBuildFile section */
		49731A621DF03FFA00BBD05C /* main.m in Sources */ = {isa = PBXBuildFile; fileRef = 49731A611DF03FFA00BBD05C /* main.m */; };
		49731A651DF03FFA00BBD05C /* AppDelegate.m in Sources */ = {isa = PBXBuildFile; fileRef = 49731A641DF03FFA00BBD05C /* AppDelegate.m */; };
		49731A681DF03FFA00BBD05C /* ViewController.m in Sources */ = {isa = PBXBuildFile; fileRef = 49731A671DF03FFA00BBD05C /* ViewController.m */; };
		49731A6B1DF03FFA00BBD05C /* Main.storyboard in Resources */ = {isa = PBXBuildFile; fileRef = 49731A691DF03FFA00BBD05C /* Main.storyboard */; };
		49731A6D1DF03FFA00BBD05C /* Assets.xcassets in Resources */ = {isa = PBXBuildFile; fileRef = 49731A6C1DF03FFA00BBD05C /* Assets.xcassets */; };
		49731A701DF03FFA00BBD05C /* LaunchScreen.storyboard in Resources */ = {isa = PBXBuildFile; fileRef = 49731A6E1DF03FFA00BBD05C /* LaunchScreen.storyboard */; };
		49731A7B1DF03FFA00BBD05C /* ScrollInScrollPagesTests.m in Sources */ = {isa = PBXBuildFile; fileRef = 49731A7A1DF03FFA00BBD05C /* ScrollInScrollPagesTests.m */; };
/* End PBXBuildFile section */

/* Begin PBXContainerItemProxy section */
		49731A771DF03FFA00BBD05C /* PBXContainerItemProxy */ = {
			isa = PBXContainerItemProxy;
			containerPortal = 49731A551DF03FFA00BBD05C /* Project object */;
			proxyType = 1;
			remoteGlobalIDString = 49731A5C1DF03FFA00BBD05C;
			remoteInfo = ScrollInScrollPages;
		};
/* End PBXContainerItemProxy section */

/* Begin PBXFileReference section */
		49731A5D1DF03FFA00BBD05C /* ScrollInScrollPages.app */ = {isa = PBXFileReference; explicitFileType = wrapper.application; includeInIndex = 0; path = ScrollInScrollPages.app; sourceTree = BUILT_PRODUCTS_DIR; };
		49731A611DF03FFA00BBD05C /* main.m */ = {isa = PBXFileReference; lastKnownFileType = sourcecode.c.objc; path = main.m; sourceTree = "<group>"; };
		49731A631DF03FFA00BBD05C /* AppDelegate.h */ = {isa = PBXFileReference; lastKnownFileType = sourcecode.c.h; path = AppDelegate.h; sourceTree = "<group>"; };
		49731A641DF03FFA00BBD05C /* AppDelegate.m */ = {isa = PBXFileReference; lastKnownFileType = sourcecode.c.objc; path = AppDelegate.m; sourceTree = "<group>"; };
		49731A661DF03FFA00BBD05C /* ViewController.h */ = {isa = PBXFileReference; lastKnownFileType = sourcecode.c.h; path = ViewController.h; sourceTree = "<group>"; };
		49731A671DF03FFA00BBD05C /* ViewController.m */ = {isa = PBXFileReference; lastKnownFileType = sourcecode.c.objc; path = ViewController.m; sourceTree = "<group>"; };
		49731A6A1DF03FFA00BBD05C /* Base */ = {isa = PBXFileReference; lastKnownFileType = file.storyboard; name = Base; path = Base.lproj/Main.storyboard; sourceTree = "<group>"; };
		49731A6C1DF03FFA00BBD05C /* Assets.xcassets */ = {isa = PBXFileReference; lastKnownFileType = folder.assetcatalog; path = Assets.xcassets; sourceTree = "<group>"; };
		49731A6F1DF03FFA00BBD05C /* Base */ = {isa = PBXFileReference; lastKnownFileType = file.storyboard; name = Base; path = Base.lproj/LaunchScreen.storyboard; sourceTree = "<group>"; };
		49731A711DF03FFA00BBD05C /* Info.plist */ = {isa = PBXFileReference; lastKnownFileType = text.plist.xml; path = Info.plist; sourceTree = "<group>"; };
		49731A761DF03FFA00BBD05C /* ScrollInScrollPagesTests.xctest */ = {isa = PBXFileReference; explicitFileType = wrapper.cfbundle; includeInIndex = 0; path = ScrollInScrollPagesTests.xctest; sourceTree = BUILT_PRODUCTS_DIR; };
		49731A7A1DF03FFA00BBD05C /* ScrollInScrollPagesTests.m */ = {isa = PBXFileReference; lastKnownFileType = sourcecode.c.objc; path = ScrollInScrollPagesTests.m; sourceTree = "<group>"; };
		49731A7C1DF03FFA00BBD05C /* Info.plist */ = {isa = PBXFileReference; lastKnownFileType = text.plist.xml; path = Info.plist; sourceTree = "<group>"; };
/* End PBXFileReference section */

/* Begin PBXFrameworksBuildPhase section */
		49731A5A1DF03FFA00BBD05C /* Frameworks */ = {
			isa = PBXFrameworksBuildPhase;
			buildActionMask = 2147483647;
			files = (
			);
			runOnlyForDeploymentPostprocessing = 0;
		};
		49731A731DF03FFA00BBD05C /* Frameworks */ = {
			isa = PBXFrameworksBuildPhase;
			buildActionMask = 2147483647;
			files = (
			);
			runOnlyForDeploymentPostprocessing = 0;
		};
/* End PBXFrameworksBuildPhase section */

/* Begin PBXGroup section */
		49731A541DF03FFA00BBD05C = {
			isa = PBXGroup;
			children = (
				49731A5F1DF03FFA00BBD05C /* ScrollInScrollPages */,
				49731A791DF03FFA00BBD05C /* ScrollInScrollPagesTests */,
				49731A5E1DF03FFA00BBD05C /* Products */,
			);
			sourceTree = "<group>";
		};
		49731A5E1DF03FFA00BBD05C /* Products */ = {
			isa = PBXGroup;
			children = (
				49731A5D1DF03FFA00BBD05C /* ScrollInScrollPages.app */,
				49731A761DF03FFA00BBD05C /* ScrollInScrollPagesTests.xctest */,
			);
			name = Products;
			sourceTree = "<group>";
		};
		49731A5F1DF03FFA00BBD05C /* ScrollInScrollPages */ = {
			isa = PBXGroup;
			children = (
				49731A631DF03FFA00BBD05C /* AppDelegate.h */,
				49731A641DF03FFA00BBD05C /* AppDelegate.m */,
				49731A661DF03FFA00BBD05C /* ViewController.h */,
				49731A671DF03FFA00BBD05C /* ViewController.m */,
				49731A691DF03FFA00BBD05C /* Main.storyboard */,
				49731A6C1DF03FFA00BBD05C /* Assets.xcassets */,
				49731A6E1DF03FFA00BBD05C /* LaunchScreen.storyboard */,
				49731A711DF03FFA00BBD05C /* Info.plist */,
				49731A601DF03FFA00BBD05C /* Supporting Files */,
			);
			path = ScrollInScrollPages;
			sourceTree = "<group>";
		};
		49731A601DF03FFA00BBD05C /* Supporting Files */ = {
			isa = PBXGroup;
			children = (
				49731A611DF03FFA00BBD05C /* main.m */,
			);
			name = "Supporting Files";
			sourceTree = "<group>";
		};
		49731A791DF03FFA00BBD05C /* ScrollInScrollPagesTests */ = {
			isa = PBXGroup;
			children = (
				49731A7A1DF03FFA00BBD05C /* ScrollInScrollPagesTests.m */,
				49731A7C1DF03FFA00BBD05C /* Info.plist */,
			);
			path = ScrollInScrollPagesTests;
			sourceTree = "<group>";
		};
/* End PBXGroup section */

/* Begin PBXNativeTarget section */
		49731A5C1DF03FFA00BBD05C /* ScrollInScrollPages */ = {
			isa = PBXNativeTarget;
			buildConfigurationList = 49731A7F1DF03FFA00BBD05C /* Build configuration list for PBXNativeTarget "ScrollInScrollPages" */;
			buildPhases = (
				49731A591DF03FFA00BBD05C /* Sources */,
				49731A5A1DF03FFA00BBD05C /* Frameworks */,
				49731A5B1DF03FFA00BBD05C /* Resources */,
			);
			buildRules = (
			);
			dependencies = (
			);
			name = ScrollInScrollPages;
			productName = ScrollInScrollPages;
			productReference = 49731A5D1DF03FFA00BBD05C /* ScrollInScrollPages.app */;
			productType = "com.apple.product-type.application";
		};
		49731A751DF03FFA00BBD05C /* ScrollInScrollPagesTests */ = {
			isa = PBXNativeTarget;
			buildConfigurationList = 49731A821DF03FFA00BBD05C /* Build configuration list for PBXNativeTarget "ScrollInScrollPagesTests" */;
			buildPhases = (
				49731A721DF03FFA00BBD05C /* Sources */,
				49731A731DF03FFA00BBD05C /* Frameworks */,
				49731A741DF03FFA00BBD05C /* Resources */,
			);
			buildRules = (
			);
			dependencies = (
				49731A781DF03FFA00BBD05C /* PBXTargetDependency */,
			);
			name = ScrollInScrollPagesTests;
			productName = ScrollInScrollPagesTests;
			productReference = 49731A761DF03FFA00BBD05C /* ScrollInScrollPagesTests.xctest */;
			productType = "com.apple.product-type.bundle.unit-test";
		};
/* End PBXNativeTarget section */

/* Begin PBXProject section */
		49731A551DF03FFA00BBD05C /* Project object */ = {
			isa = PBXProject;
			attributes = {
				LastUpgradeCheck = 0810;
				ORGANIZATIONNAME = Home;
				TargetAttributes = {
					49731A5C1DF03FFA00BBD05C = {
						CreatedOnToolsVersion = 8.1;
						DevelopmentTeam = BNNY5D4LGB;
						ProvisioningStyle = Automatic;
					};
					49731A751DF03FFA00BBD05C = {
						CreatedOnToolsVersion = 8.1;
						DevelopmentTeam = BNNY5D4LGB;
						ProvisioningStyle = Automatic;
						TestTargetID = 49731A5C1DF03FFA00BBD05C;
					};
				};
			};
			buildConfigurationList = 49731A581DF03FFA00BBD05C /* Build configuration list for PBXProject "ScrollInScrollPages" */;
			compatibilityVersion = "Xcode 3.2";
			developmentRegion = English;
			hasScannedForEncodings = 0;
			knownRegions = (
				en,
				Base,
			);
			mainGroup = 49731A541DF03FFA00BBD05C;
			productRefGroup = 49731A5E1DF03FFA00BBD05C /* Products */;
			projectDirPath = "";
			projectRoot = "";
			targets = (
				49731A5C1DF03FFA00BBD05C /* ScrollInScrollPages */,
				49731A751DF03FFA00BBD05C /* ScrollInScrollPagesTests */,
			);
		};
/* End PBXProject section */

/* Begin PBXResourcesBuildPhase section */
		49731A5B1DF03FFA00BBD05C /* Resources */ = {
			isa = PBXResourcesBuildPhase;
			buildActionMask = 2147483647;
			files = (
				49731A701DF03FFA00BBD05C /* LaunchScreen.storyboard in Resources */,
				49731A6D1DF03FFA00BBD05C /* Assets.xcassets in Resources */,
				49731A6B1DF03FFA00BBD05C /* Main.storyboard in Resources */,
			);
			runOnlyForDeploymentPostprocessing = 0;
		};
		49731A741DF03FFA00BBD05C /* Resources */ = {
			isa = PBXResourcesBuildPhase;
			buildActionMask = 2147483647;
			files = (
			);
			runOnlyForDeploymentPostprocessing = 0;
		};
/* End PBXResourcesBuildPhase section */

/* Begin PBXSourcesBuildPhase section */
		49731A591DF03FFA00BBD05C /* Sources */ = {
			isa = PBXSourcesBuildPhase;
			buildActionMask = 2147483647;
			files = (
				49731A681DF03FFA00BBD05C /* ViewController.m in Sources */,
				49731A651DF03FFA00BBD05C /* AppDelegate.m in Sources */,
				49731A621DF03FFA00BBD05C /* main.m in Sources */,
			);
			runOnlyForDeploymentPostprocessing = 0;
		};
		49731A721DF03FFA00BBD05C /* Sources */ = {
			isa = PBXSourcesBuildPhase;
			buildActionMask = 2147483647;
			files = (
				49731A7B1DF03FFA00BBD05C /* ScrollInScrollPagesTests.m in Sources */,
			);
			runOnlyForDeploymentPostprocessing = 0;
		};
/* End PBXSourcesBuildPhase section */

/* Begin PBXTargetDependency section */
		49731A781DF03FFA00BBD05C /* PBXTargetDependency */ = {
			isa = PBXTargetDependency;
			target = 49731A5C1DF03FFA00BBD05C /* ScrollInScrollPages */;
			targetProxy = 49731A771DF03FFA00BBD05C /* PBXContainerItemProxy */;
		};
/* End PBXTargetDependency section */

/* Begin PBXVariantGroup section */
		49731A691DF03FFA00BBD05C /* Main.storyboard */ = {
			isa = PBXVariantGroup;
			children = (
				49731A6A1DF03FFA00BBD05C /* Base */,
			);
			name = Main.storyboard;
			sourceTree = "<group>";
		};
		49731A6E1DF03FFA00BBD05C /* LaunchScreen.storyboard */ = {
			isa = PBXVariantGroup;
			children = (
				49731A6F1DF03FFA00BBD05C /* Base */,
			);
			name = LaunchScreen.storyboard;
			sourceTree = "<group>";
		};
/* End PBXVariantGroup section */

/* Begin XCBuildConfiguration section */
		49731A7D1DF03FFA00BBD05C /* Debug */ = {
			isa = XCBuildConfiguration;
			buildSettings = {
				ALWAYS_SEARCH_USER_PATHS = NO;
				CLANG_ANALYZER_NONNULL = YES;
				CLANG_CXX_LANGUAGE_STANDARD = "gnu++0x";
				CLANG_CXX_LIBRARY = "libc++";
				CLANG_ENABLE_MODULES = YES;
				CLANG_ENABLE_OBJC_ARC = YES;
				CLANG_WARN_BOOL_CONVERSION = YES;
				CLANG_WARN_CONSTANT_CONVERSION = YES;
				CLANG_WARN_DIRECT_OBJC_ISA_USAGE = YES_ERROR;
				CLANG_WARN_DOCUMENTATION_COMMENTS = YES;
				CLANG_WARN_EMPTY_BODY = YES;
				CLANG_WARN_ENUM_CONVERSION = YES;
				CLANG_WARN_INFINITE_RECURSION = YES;
				CLANG_WARN_INT_CONVERSION = YES;
				CLANG_WARN_OBJC_ROOT_CLASS = YES_ERROR;
				CLANG_WARN_SUSPICIOUS_MOVES = YES;
				CLANG_WARN_UNREACHABLE_CODE = YES;
				CLANG_WARN__DUPLICATE_METHOD_MATCH = YES;
				"CODE_SIGN_IDENTITY[sdk=iphoneos*]" = "iPhone Developer";
				COPY_PHASE_STRIP = NO;
				DEBUG_INFORMATION_FORMAT = dwarf;
				ENABLE_STRICT_OBJC_MSGSEND = YES;
				ENABLE_TESTABILITY = YES;
				GCC_C_LANGUAGE_STANDARD = gnu99;
				GCC_DYNAMIC_NO_PIC = NO;
				GCC_NO_COMMON_BLOCKS = YES;
				GCC_OPTIMIZATION_LEVEL = 0;
				GCC_PREPROCESSOR_DEFINITIONS = (
					"DEBUG=1",
					"$(inherited)",
				);
				GCC_WARN_64_TO_32_BIT_CONVERSION = YES;
				GCC_WARN_ABOUT_RETURN_TYPE = YES_ERROR;
				GCC_WARN_UNDECLARED_SELECTOR = YES;
				GCC_WARN_UNINITIALIZED_AUTOS = YES_AGGRESSIVE;
				GCC_WARN_UNUSED_FUNCTION = YES;
				GCC_WARN_UNUSED_VARIABLE = YES;
				IPHONEOS_DEPLOYMENT_TARGET = 10.1;
				MTL_ENABLE_DEBUG_INFO = YES;
				ONLY_ACTIVE_ARCH = YES;
				SDKROOT = iphoneos;
				TARGETED_DEVICE_FAMILY = "1,2";
			};
			name = Debug;
		};
		49731A7E1DF03FFA00BBD05C /* Release */ = {
			isa = XCBuildConfiguration;
			buildSettings = {
				ALWAYS_SEARCH_USER_PATHS = NO;
				CLANG_ANALYZER_NONNULL = YES;
				CLANG_CXX_LANGUAGE_STANDARD = "gnu++0x";
				CLANG_CXX_LIBRARY = "libc++";
				CLANG_ENABLE_MODULES = YES;
				CLANG_ENABLE_OBJC_ARC = YES;
				CLANG_WARN_BOOL_CONVERSION = YES;
				CLANG_WARN_CONSTANT_CONVERSION = YES;
				CLANG_WARN_DIRECT_OBJC_ISA_USAGE = YES_ERROR;
				CLANG_WARN_DOCUMENTATION_COMMENTS = YES;
				CLANG_WARN_EMPTY_BODY = YES;
				CLANG_WARN_ENUM_CONVERSION = YES;
				CLANG_WARN_INFINITE_RECURSION = YES;
				CLANG_WARN_INT_CONVERSION = YES;
				CLANG_WARN_OBJC_ROOT_CLASS = YES_ERROR;
				CLANG_WARN_SUSPICIOUS_MOVES = YES;
				CLANG_WARN_UNREACHABLE_CODE = YES;
				CLANG_WARN__DUPLICATE_METHOD_MATCH = YES;
				"CODE_SIGN_IDENTITY[sdk=iphoneos*]" = "iPhone Developer";
				COPY_PHASE_STRIP = NO;
				DEBUG_INFORMATION_FORMAT = "dwarf-with-dsym";
				ENABLE_NS_ASSERTIONS = NO;
				ENABLE_STRICT_OBJC_MSGSEND = YES;
				GCC_C_LANGUAGE_STANDARD = gnu99;
				GCC_NO_COMMON_BLOCKS = YES;
				GCC_WARN_64_TO_32_BIT_CONVERSION = YES;
				GCC_WARN_ABOUT_RETURN_TYPE = YES_ERROR;
				GCC_WARN_UNDECLARED_SELECTOR = YES;
				GCC_WARN_UNINITIALIZED_AUTOS = YES_AGGRESSIVE;
				GCC_WARN_UNUSED_FUNCTION = YES;
				GCC_WARN_UNUSED_VARIABLE = YES;
				IPHONEOS_DEPLOYMENT_TARGET = 10.1;
				MTL_ENABLE_DEBUG_INFO = NO;
				SDKROOT = iphoneos;
				TARGETED_DEVICE_FAMILY = "1,2";
				VALIDATE_PRODUCT = YES;
			};
			name = Release;
		};
		49731A801DF03FFA00BBD05C /* Debug */ = {
			isa = XCBuildConfiguration;
			buildSettings = {
				ASSETCATALOG_COMPILER_APPICON_NAME = AppIcon;
				DEVELOPMENT_TEAM = BNNY5D4LGB;
				INFOPLIST_FILE = ScrollInScrollPages/Info.plist;
				LD_RUNPATH_SEARCH_PATHS = "$(inherited) @executable_path/Frameworks";
				PRODUCT_BUNDLE_IDENTIFIER = com.home.ScrollInScrollPages;
				PRODUCT_NAME = "$(TARGET_NAME)";
			};
			name = Debug;
		};
		49731A811DF03FFA00BBD05C /* Release */ = {
			isa = XCBuildConfiguration;
			buildSettings = {
				ASSETCATALOG_COMPILER_APPICON_NAME = AppIcon;
				DEVELOPMENT_TEAM = BNNY5D4LGB;
				INFOPLIST_FILE = ScrollInScrollPages/Info.plist;
				LD_RUNPATH_SEARCH_PATHS = "$(inherited) @executable_path/Frameworks";
				PRODUCT_BUNDLE_IDENTIFIER = com.home.ScrollInScrollPages;
				PRODUCT_NAME = "$(TARGET_NAME)";
			};
			name = Release;
		};
		49731A831DF03FFA00BBD05C /* Debug */ = {
			isa = XCBuildConfiguration;
			buildSettings = {
				BUNDLE_LOADER = "$(TEST_HOST)";
				DEVELOPMENT_TEAM = BNNY5D4LGB;
				INFOPLIST_FILE = ScrollInScrollPagesTests/Info.plist;
				LD_RUNPATH_SEARCH_PATHS = "$(inherited) @executable_path/Frameworks @loader_path/Frameworks";
				PRODUCT_BUNDLE_IDENTIFIER = com.home.ScrollInScrollPagesTests;
				PRODUCT_NAME = "$(TARGET_NAME)";
				TEST_HOST = "$(BUILT_PRODUCTS_DIR)/ScrollInScrollPages.app/ScrollInScrollPages";
			};
			name = Debug;
		};
		49731A841DF03FFA00BBD05C /* Release */ = {
			isa = XCBuildConfiguration;
			buildSettings = {
				BUNDLE_LOADER = "$(TEST_HOST)";
				DEVELOPMENT_TEAM = BNNY5D4LGB;
				INFOPLIST_FILE = ScrollInScrollPagesTests/Info.plist;
				LD_RUNPATH_SEARCH_PATHS = "$(inherited) @executable_path/Frameworks @loader_path/Frameworks";
				PRODUCT_BUNDLE_IDENTIFIER = com.home.ScrollInScrollPagesTests;
				PRODUCT_NAME = "$(TARGET_NAME)";
				TEST_HOST = "$(BUILT_PRODUCTS_DIR)/ScrollInScrollPages.app/ScrollInScrollPages";
			};
			name = Release;
		};
/* End XCBuildConfiguration section */

/* Begin XCConfigurationList section */
		49731A581DF03FFA00BBD05C /* Build configuration list for PBXProject "ScrollInScrollPages" */ = {
			isa = XCConfigurationList;
			buildConfigurations = (
				49731A7D1DF03FFA00BBD05C /* Debug */,
				49731A7E1DF03FFA00BBD05C /* Release */,
			);
			defaultConfigurationIsVisible = 0;
			defaultConfigurationName = Release;
		};
		49731A7F1DF03FFA00BBD05C /* Build configuration list for PBXNativeTarget "ScrollInScrollPages" */ = {
			isa = XCConfigurationList;
			buildConfigurations = (
				49731A801DF03FFA00BBD05C /* Debug */,
				49731A811DF03FFA00BBD05C /* Release */,
			);
			defaultConfigurationIsVisible = 0;
		};
		49731A821DF03FFA00BBD05C /* Build configuration list for PBXNativeTarget "ScrollInScrollPagesTests" */ = {
			isa = XCConfigurationList;
			buildConfigurations = (
				49731A831DF03FFA00BBD05C /* Debug */,
				49731A841DF03FFA00BBD05C /* Release */,
			);
			defaultConfigurationIsVisible = 0;
		};
/* End XCConfigurationList section */
	};
	rootObject = 49731A551DF03FFA00BBD05C /* Project object */;
}
